Microsoft Visual Studio Solution File, Format Version 12.00
# Visual Studio 14
VisualStudioVersion = 14.0.25420.1
MinimumVisualStudioVersion = 10.0.40219.1
Project("{FAE04EC0-301F-11D3-BF4B-00C04F79EFBC}") = "Assembly-CSharp", "Assembly-CSharp.csproj", "{B47468F3-3C0A-372E-7407-8F008FDFDFEB}"
EndProject
Project("{FAE04EC0-301F-11D3-BF4B-00C04F79EFBC}") = "SecretOfGaiaRules", "..\..\src\Rules.Net\SecretOfGaia\SecretOfGaiaRules.csproj", "{AC9E4537-1312-4F38-A6C1-7548AECEDD20}"
EndProject
Global
	GlobalSection(SolutionConfigurationPlatforms) = preSolution
		Debug|Any CPU = Debug|Any CPU
		Release|Any CPU = Release|Any CPU
	EndGlobalSection
	GlobalSection(ProjectConfigurationPlatforms) = postSolution
		{B47468F3-3C0A-372E-7407-8F008FDFDFEB}.Debug|Any CPU.ActiveCfg = Debug|Any CPU
		{B47468F3-3C0A-372E-7407-8F008FDFDFEB}.Debug|Any CPU.Build.0 = Debug|Any CPU
		{B47468F3-3C0A-372E-7407-8F008FDFDFEB}.Release|Any CPU.ActiveCfg = Release|Any CPU
		{B47468F3-3C0A-372E-7407-8F008FDFDFEB}.Release|Any CPU.Build.0 = Release|Any CPU
		{AC9E4537-1312-4F38-A6C1-7548AECEDD20}.Debug|Any CPU.ActiveCfg = Debug|Any CPU
		{AC9E4537-1312-4F38-A6C1-7548AECEDD20}.Debug|Any CPU.Build.0 = Debug|Any CPU
		{AC9E4537-1312-4F38-A6C1-7548AECEDD20}.Release|Any CPU.ActiveCfg = Release|Any CPU
		{AC9E4537-1312-4F38-A6C1-7548AECEDD20}.Release|Any CPU.Build.0 = Release|Any CPU
	EndGlobalSection
	GlobalSection(SolutionProperties) = preSolution
		HideSolutionNode = FALSE
	EndGlobalSection
	GlobalSection(MonoDevelopProperties) = preSolution
		StartupItem = Assembly-CSharp.csproj
	EndGlobalSection
EndGlobal
