
Microsoft Visual Studio Solution File, Format Version 12.00
# Visual Studio 2012
Project("{FAE04EC0-301F-11D3-BF4B-00C04F79EFBC}") = "SecretOfGaiaRules", "SecretOfGaiaRules.csproj", "{AC9E4537-1312-4F38-A6C1-7548AECEDD20}"
EndProject
Project("{FAE04EC0-301F-11D3-BF4B-00C04F79EFBC}") = "SecretOfGaia_Test", "..\SecretOfGaia_Test\SecretOfGaia_Test.csproj", "{9F2458AB-7773-488A-9EB3-8357EC469E65}"
EndProject
Global
	GlobalSection(SolutionConfigurationPlatforms) = preSolution
		Debug|Any CPU = Debug|Any CPU
		Release|Any CPU = Release|Any CPU
	EndGlobalSection
	GlobalSection(ProjectConfigurationPlatforms) = postSolution
		{AC9E4537-1312-4F38-A6C1-7548AECEDD20}.Debug|Any CPU.ActiveCfg = Debug|Any CPU
		{AC9E4537-1312-4F38-A6C1-7548AECEDD20}.Debug|Any CPU.Build.0 = Debug|Any CPU
		{AC9E4537-1312-4F38-A6C1-7548AECEDD20}.Release|Any CPU.ActiveCfg = Release|Any CPU
		{AC9E4537-1312-4F38-A6C1-7548AECEDD20}.Release|Any CPU.Build.0 = Release|Any CPU
		{9F2458AB-7773-488A-9EB3-8357EC469E65}.Debug|Any CPU.ActiveCfg = Debug|Any CPU
		{9F2458AB-7773-488A-9EB3-8357EC469E65}.Debug|Any CPU.Build.0 = Debug|Any CPU
		{9F2458AB-7773-488A-9EB3-8357EC469E65}.Release|Any CPU.ActiveCfg = Release|Any CPU
		{9F2458AB-7773-488A-9EB3-8357EC469E65}.Release|Any CPU.Build.0 = Release|Any CPU
	EndGlobalSection
	GlobalSection(SolutionProperties) = preSolution
		HideSolutionNode = FALSE
	EndGlobalSection
EndGlobal
